{
  "name": "pi-diff-review",
  "version": "1.0.0",
  "lockfileVersion": 3,
  "requires": true,
  "packages": {
    "": {
      "name": "pi-diff-review",
      "version": "1.0.0",
      "dependencies": {
        "glimpseui": "^0.6.0"
      }
    },
    "node_modules/glimpseui": {
      "version": "0.6.2",
      "resolved": "https://registry.npmjs.org/glimpseui/-/glimpseui-0.6.2.tgz",
      "integrity": "sha512-U/pEqum33QuC58PjSvctSiV6HGSIfTR7y2dJv0hSFYzfsIfi40dMy0nwmaB9LOpGprmPW2ybaaFQIEhlIontOA==",
      "hasInstallScript": true,
      "license": "MIT",
      "os": [
        "darwin",
        "linux",
        "win32"
      ],
      "bin": {
        "glimpseui": "bin/glimpse.mjs"
      },
      "engines": {
        "node": ">=18"
      }
    }
  }
}
